{
  "object": {
    "pins": [
      {
        "package": "libvmaf",
        "repositoryURL": "https://github.com/SDWebImage/libvmaf-Xcode.git",
        "state": {
          "branch": null,
          "revision": "9b116c9bd6e292a5564119915ba4a074085ea979",
          "version": "2.3.0"
        }
      }
    ]
  },
  "version": 1
}
